
Microsoft Visual Studio Solution File, Format Version 12.00
# Visual Studio Version 16
VisualStudioVersion = 25.0.1705.3
MinimumVisualStudioVersion = 10.0.40219.1
Project("{FAE04EC0-301F-11D3-BF4B-00C04F79EFBC}") = "Final", "Final\Final.csproj", "{86D65D96-F966-4E10-8FDD-4A92C9F3BEE8}"
EndProject
Global
	GlobalSection(SolutionConfigurationPlatforms) = preSolution
		Debug|Any CPU = Debug|Any CPU
		Release|Any CPU = Release|Any CPU
	EndGlobalSection
	GlobalSection(ProjectConfigurationPlatforms) = postSolution
		{86D65D96-F966-4E10-8FDD-4A92C9F3BEE8}.Debug|Any CPU.ActiveCfg = Debug|Any CPU
		{86D65D96-F966-4E10-8FDD-4A92C9F3BEE8}.Debug|Any CPU.Build.0 = Debug|Any CPU
		{86D65D96-F966-4E10-8FDD-4A92C9F3BEE8}.Release|Any CPU.ActiveCfg = Release|Any CPU
		{86D65D96-F966-4E10-8FDD-4A92C9F3BEE8}.Release|Any CPU.Build.0 = Release|Any CPU
	EndGlobalSection
	GlobalSection(SolutionProperties) = preSolution
		HideSolutionNode = FALSE
	EndGlobalSection
	GlobalSection(ExtensibilityGlobals) = postSolution
		SolutionGuid = {2B60A1A2-3E2B-472D-B5A9-DECF7E3227DD}
	EndGlobalSection
EndGlobal
